
Microsoft Visual Studio Solution File, Format Version 12.00
# Visual Studio Version 17
VisualStudioVersion = 17.13.35919.96 d17.13
MinimumVisualStudioVersion = 10.0.40219.1
Project("{FAE04EC0-301F-11D3-BF4B-00C04F79EFBC}") = "CommercialAutomation", "CommercialAutomation\CommercialAutomation.csproj", "{58BC24D6-4C3C-4F68-8955-0488D7EABB6F}"
EndProject
Global
	GlobalSection(SolutionConfigurationPlatforms) = preSolution
		Debug|Any CPU = Debug|Any CPU
		Release|Any CPU = Release|Any CPU
	EndGlobalSection
	GlobalSection(ProjectConfigurationPlatforms) = postSolution
		{58BC24D6-4C3C-4F68-8955-0488D7EABB6F}.Debug|Any CPU.ActiveCfg = Debug|Any CPU
		{58BC24D6-4C3C-4F68-8955-0488D7EABB6F}.Debug|Any CPU.Build.0 = Debug|Any CPU
		{58BC24D6-4C3C-4F68-8955-0488D7EABB6F}.Release|Any CPU.ActiveCfg = Release|Any CPU
		{58BC24D6-4C3C-4F68-8955-0488D7EABB6F}.Release|Any CPU.Build.0 = Release|Any CPU
	EndGlobalSection
	GlobalSection(SolutionProperties) = preSolution
		HideSolutionNode = FALSE
	EndGlobalSection
	GlobalSection(ExtensibilityGlobals) = postSolution
		SolutionGuid = {7EE494F4-48B2-4C2D-B324-B57B7F060BD5}
	EndGlobalSection
EndGlobal
